
Microsoft Visual Studio Solution File, Format Version 12.00
# Visual Studio Version 17
VisualStudioVersion = 17.1.32319.34
MinimumVisualStudioVersion = 10.0.40219.1
Project("{2150E333-8FDC-42A3-9474-1A3956D46DE8}") = "src", "src", "{72D38D36-1E6E-4250-93F4-A37FAB52BB35}"
EndProject
Project("{2150E333-8FDC-42A3-9474-1A3956D46DE8}") = "Building Blocks", "Building Blocks", "{F8BDDB6F-6637-4769-9313-DC089C14EBE0}"
EndProject
Project("{2150E333-8FDC-42A3-9474-1A3956D46DE8}") = "Services", "Services", "{A9248F51-E450-4A36-9161-373DC5011EE3}"
EndProject
Project("{2150E333-8FDC-42A3-9474-1A3956D46DE8}") = "Web", "Web", "{FD3FDEC8-AD24-48BF-8894-CD1E881AC27A}"
EndProject
Project("{FAE04EC0-301F-11D3-BF4B-00C04F79EFBC}") = "ACME.Identidade.API", "src\Services\ACME.Identidade.API\ACME.Identidade.API.csproj", "{AA5ED79D-B6F4-4823-A834-F59C4B5C771E}"
EndProject
Project("{FAE04EC0-301F-11D3-BF4B-00C04F79EFBC}") = "ACME.Core", "src\Building Blocks\ACME.Core\ACME.Core.csproj", "{32C10632-D34B-4BB1-AA0E-BEFF8AACF057}"
EndProject
Global
	GlobalSection(SolutionConfigurationPlatforms) = preSolution
		Debug|Any CPU = Debug|Any CPU
		Release|Any CPU = Release|Any CPU
	EndGlobalSection
	GlobalSection(ProjectConfigurationPlatforms) = postSolution
		{AA5ED79D-B6F4-4823-A834-F59C4B5C771E}.Debug|Any CPU.ActiveCfg = Debug|Any CPU
		{AA5ED79D-B6F4-4823-A834-F59C4B5C771E}.Debug|Any CPU.Build.0 = Debug|Any CPU
		{AA5ED79D-B6F4-4823-A834-F59C4B5C771E}.Release|Any CPU.ActiveCfg = Release|Any CPU
		{AA5ED79D-B6F4-4823-A834-F59C4B5C771E}.Release|Any CPU.Build.0 = Release|Any CPU
		{32C10632-D34B-4BB1-AA0E-BEFF8AACF057}.Debug|Any CPU.ActiveCfg = Debug|Any CPU
		{32C10632-D34B-4BB1-AA0E-BEFF8AACF057}.Debug|Any CPU.Build.0 = Debug|Any CPU
		{32C10632-D34B-4BB1-AA0E-BEFF8AACF057}.Release|Any CPU.ActiveCfg = Release|Any CPU
		{32C10632-D34B-4BB1-AA0E-BEFF8AACF057}.Release|Any CPU.Build.0 = Release|Any CPU
	EndGlobalSection
	GlobalSection(SolutionProperties) = preSolution
		HideSolutionNode = FALSE
	EndGlobalSection
	GlobalSection(NestedProjects) = preSolution
		{F8BDDB6F-6637-4769-9313-DC089C14EBE0} = {72D38D36-1E6E-4250-93F4-A37FAB52BB35}
		{A9248F51-E450-4A36-9161-373DC5011EE3} = {72D38D36-1E6E-4250-93F4-A37FAB52BB35}
		{FD3FDEC8-AD24-48BF-8894-CD1E881AC27A} = {72D38D36-1E6E-4250-93F4-A37FAB52BB35}
		{AA5ED79D-B6F4-4823-A834-F59C4B5C771E} = {A9248F51-E450-4A36-9161-373DC5011EE3}
		{32C10632-D34B-4BB1-AA0E-BEFF8AACF057} = {F8BDDB6F-6637-4769-9313-DC089C14EBE0}
	EndGlobalSection
	GlobalSection(ExtensibilityGlobals) = postSolution
		SolutionGuid = {8CBE1655-D3E7-4125-91EC-3968EFBC626A}
	EndGlobalSection
EndGlobal
